
Microsoft Visual Studio Solution File, Format Version 12.00
# Visual Studio 15
VisualStudioVersion = 15.0.26730.16
MinimumVisualStudioVersion = 10.0.40219.1
Project("{FAE04EC0-301F-11D3-BF4B-00C04F79EFBC}") = "Windows_Auth", "Windows_Auth\Windows_Auth.csproj", "{F1C4571C-C236-4BA3-961B-6E6FF292B57C}"
EndProject
Global
	GlobalSection(SolutionConfigurationPlatforms) = preSolution
		Debug|Any CPU = Debug|Any CPU
		Release|Any CPU = Release|Any CPU
	EndGlobalSection
	GlobalSection(ProjectConfigurationPlatforms) = postSolution
		{F1C4571C-C236-4BA3-961B-6E6FF292B57C}.Debug|Any CPU.ActiveCfg = Debug|Any CPU
		{F1C4571C-C236-4BA3-961B-6E6FF292B57C}.Debug|Any CPU.Build.0 = Debug|Any CPU
		{F1C4571C-C236-4BA3-961B-6E6FF292B57C}.Release|Any CPU.ActiveCfg = Release|Any CPU
		{F1C4571C-C236-4BA3-961B-6E6FF292B57C}.Release|Any CPU.Build.0 = Release|Any CPU
	EndGlobalSection
	GlobalSection(SolutionProperties) = preSolution
		HideSolutionNode = FALSE
	EndGlobalSection
	GlobalSection(ExtensibilityGlobals) = postSolution
		SolutionGuid = {F864A90B-9A85-4242-9F64-5DB74232A8A5}
	EndGlobalSection
EndGlobal
